
Microsoft Visual Studio Solution File, Format Version 12.00
# Visual Studio Version 17
VisualStudioVersion = 17.11.35222.181
MinimumVisualStudioVersion = 10.0.40219.1
Project("{8BC9CEB8-8B4A-11D0-8D11-00A0C91BC942}") = "control1", "control1.vcxproj", "{68EBCFF9-156E-47B5-8306-C8E387747C27}"
EndProject
Global
	GlobalSection(SolutionConfigurationPlatforms) = preSolution
		Debug|x64 = Debug|x64
		Debug|x86 = Debug|x86
		Release|x64 = Release|x64
		Release|x86 = Release|x86
	EndGlobalSection
	GlobalSection(ProjectConfigurationPlatforms) = postSolution
		{68EBCFF9-156E-47B5-8306-C8E387747C27}.Debug|x64.ActiveCfg = Debug|x64
		{68EBCFF9-156E-47B5-8306-C8E387747C27}.Debug|x64.Build.0 = Debug|x64
		{68EBCFF9-156E-47B5-8306-C8E387747C27}.Debug|x86.ActiveCfg = Debug|Win32
		{68EBCFF9-156E-47B5-8306-C8E387747C27}.Debug|x86.Build.0 = Debug|Win32
		{68EBCFF9-156E-47B5-8306-C8E387747C27}.Release|x64.ActiveCfg = Release|x64
		{68EBCFF9-156E-47B5-8306-C8E387747C27}.Release|x64.Build.0 = Release|x64
		{68EBCFF9-156E-47B5-8306-C8E387747C27}.Release|x86.ActiveCfg = Release|Win32
		{68EBCFF9-156E-47B5-8306-C8E387747C27}.Release|x86.Build.0 = Release|Win32
	EndGlobalSection
	GlobalSection(SolutionProperties) = preSolution
		HideSolutionNode = FALSE
	EndGlobalSection
	GlobalSection(ExtensibilityGlobals) = postSolution
		SolutionGuid = {46A5DC71-F00E-48A2-BE15-B00396B6FE15}
	EndGlobalSection
EndGlobal
