
Microsoft Visual Studio Solution File, Format Version 12.00
# Visual Studio Version 17
VisualStudioVersion = 17.11.35222.181
MinimumVisualStudioVersion = 10.0.40219.1
Project("{8BC9CEB8-8B4A-11D0-8D11-00A0C91BC942}") = "control1", "control1.vcxproj", "{FFBFF9EF-EBC4-48F9-8F6F-859C052AFE0C}"
EndProject
Global
	GlobalSection(SolutionConfigurationPlatforms) = preSolution
		Debug|x64 = Debug|x64
		Debug|x86 = Debug|x86
		Release|x64 = Release|x64
		Release|x86 = Release|x86
	EndGlobalSection
	GlobalSection(ProjectConfigurationPlatforms) = postSolution
		{FFBFF9EF-EBC4-48F9-8F6F-859C052AFE0C}.Debug|x64.ActiveCfg = Debug|x64
		{FFBFF9EF-EBC4-48F9-8F6F-859C052AFE0C}.Debug|x64.Build.0 = Debug|x64
		{FFBFF9EF-EBC4-48F9-8F6F-859C052AFE0C}.Debug|x86.ActiveCfg = Debug|Win32
		{FFBFF9EF-EBC4-48F9-8F6F-859C052AFE0C}.Debug|x86.Build.0 = Debug|Win32
		{FFBFF9EF-EBC4-48F9-8F6F-859C052AFE0C}.Release|x64.ActiveCfg = Release|x64
		{FFBFF9EF-EBC4-48F9-8F6F-859C052AFE0C}.Release|x64.Build.0 = Release|x64
		{FFBFF9EF-EBC4-48F9-8F6F-859C052AFE0C}.Release|x86.ActiveCfg = Release|Win32
		{FFBFF9EF-EBC4-48F9-8F6F-859C052AFE0C}.Release|x86.Build.0 = Release|Win32
	EndGlobalSection
	GlobalSection(SolutionProperties) = preSolution
		HideSolutionNode = FALSE
	EndGlobalSection
	GlobalSection(ExtensibilityGlobals) = postSolution
		SolutionGuid = {4B83B4DF-B0A6-4696-80DF-27A69B905426}
	EndGlobalSection
EndGlobal
